
Microsoft Visual Studio Solution File, Format Version 12.00
Project("{FAE04EC0-301F-11D3-BF4B-00C04F79EFBC}") = "Task1", "Task1\Task1.csproj", "{20326C9E-5387-415B-A97B-04080F57A876}"
EndProject
Project("{FAE04EC0-301F-11D3-BF4B-00C04F79EFBC}") = "Helpers", "Helpers\Helpers.csproj", "{A0F11791-CA36-49B6-8367-C6DA88A78900}"
EndProject
Global
	GlobalSection(SolutionConfigurationPlatforms) = preSolution
		Debug|Any CPU = Debug|Any CPU
		Release|Any CPU = Release|Any CPU
	EndGlobalSection
	GlobalSection(ProjectConfigurationPlatforms) = postSolution
		{20326C9E-5387-415B-A97B-04080F57A876}.Debug|Any CPU.ActiveCfg = Debug|Any CPU
		{20326C9E-5387-415B-A97B-04080F57A876}.Debug|Any CPU.Build.0 = Debug|Any CPU
		{20326C9E-5387-415B-A97B-04080F57A876}.Release|Any CPU.ActiveCfg = Release|Any CPU
		{20326C9E-5387-415B-A97B-04080F57A876}.Release|Any CPU.Build.0 = Release|Any CPU
		{A0F11791-CA36-49B6-8367-C6DA88A78900}.Debug|Any CPU.ActiveCfg = Debug|Any CPU
		{A0F11791-CA36-49B6-8367-C6DA88A78900}.Debug|Any CPU.Build.0 = Debug|Any CPU
		{A0F11791-CA36-49B6-8367-C6DA88A78900}.Release|Any CPU.ActiveCfg = Release|Any CPU
		{A0F11791-CA36-49B6-8367-C6DA88A78900}.Release|Any CPU.Build.0 = Release|Any CPU
	EndGlobalSection
EndGlobal
